
Microsoft Visual Studio Solution File, Format Version 12.00
# Visual Studio 15
VisualStudioVersion = 15.0.28010.2050
MinimumVisualStudioVersion = 10.0.40219.1
Project("{8BC9CEB8-8B4A-11D0-8D11-00A0C91BC942}") = "algo_lab7", "algo_lab7\algo_lab7.vcxproj", "{ED62DDA4-7D57-4325-A51B-98EE7F6518DA}"
EndProject
Global
	GlobalSection(SolutionConfigurationPlatforms) = preSolution
		Debug|x64 = Debug|x64
		Debug|x86 = Debug|x86
		Release|x64 = Release|x64
		Release|x86 = Release|x86
	EndGlobalSection
	GlobalSection(ProjectConfigurationPlatforms) = postSolution
		{ED62DDA4-7D57-4325-A51B-98EE7F6518DA}.Debug|x64.ActiveCfg = Debug|x64
		{ED62DDA4-7D57-4325-A51B-98EE7F6518DA}.Debug|x64.Build.0 = Debug|x64
		{ED62DDA4-7D57-4325-A51B-98EE7F6518DA}.Debug|x86.ActiveCfg = Debug|Win32
		{ED62DDA4-7D57-4325-A51B-98EE7F6518DA}.Debug|x86.Build.0 = Debug|Win32
		{ED62DDA4-7D57-4325-A51B-98EE7F6518DA}.Release|x64.ActiveCfg = Release|x64
		{ED62DDA4-7D57-4325-A51B-98EE7F6518DA}.Release|x64.Build.0 = Release|x64
		{ED62DDA4-7D57-4325-A51B-98EE7F6518DA}.Release|x86.ActiveCfg = Release|Win32
		{ED62DDA4-7D57-4325-A51B-98EE7F6518DA}.Release|x86.Build.0 = Release|Win32
	EndGlobalSection
	GlobalSection(SolutionProperties) = preSolution
		HideSolutionNode = FALSE
	EndGlobalSection
	GlobalSection(ExtensibilityGlobals) = postSolution
		SolutionGuid = {C8E45438-E3FF-4D39-B040-319584FE6B43}
	EndGlobalSection
EndGlobal
